# This file is automatically @generated by Cargo.
# It is not intended for manual editing.
[[package]]
name = "byteorder"
version = "0.5.3"
source = "registry+https://github.com/rust-lang/crates.io-index"
checksum = "0fc10e8cc6b2580fda3f36eb6dc5316657f812a3df879a44a66fc9f0fdbc4855"

[[package]]
name = "cfg-if"
version = "0.1.10"
source = "registry+https://github.com/rust-lang/crates.io-index"
checksum = "4785bdd1c96b2a846b2bd7cc02e86b6b3dbf14e7e53446c4f54c92a361040822"

[[package]]
name = "emulate"
version = "0.1.0"
dependencies = [
 "emulator_6502",
 "rs6502",
]

[[package]]
name = "emulator_6502"
version = "1.0.0"
source = "registry+https://github.com/rust-lang/crates.io-index"
checksum = "199d11c268e074774037a8e8794b5b24a1440a53055eafa86a83a3a2c0a0d230"
dependencies = [
 "log",
]

[[package]]
name = "log"
version = "0.4.11"
source = "registry+https://github.com/rust-lang/crates.io-index"
checksum = "4fabed175da42fed1fa0746b0ea71f412aa9d35e76e95e59b192c64b9dc2bf8b"
dependencies = [
 "cfg-if",
]

[[package]]
name = "rs6502"
version = "0.3.4"
source = "registry+https://github.com/rust-lang/crates.io-index"
checksum = "0ff949fa1726938573e7ad4d34262595c07a99d4be5b37d0906290b04eaea13f"
dependencies = [
 "byteorder",
]
